// !$*UTF8*$!
{
	archiveVersion = 1;
	classes = {
	};
	objectVersion = 56;
	objects = {

/* Begin PBXBuildFile section */
		D307A40A29D7B310003AF978 /* FirebaseAuth in Frameworks */ = {isa = PBXBuildFile; productRef = D307A40929D7B310003AF978 /* FirebaseAuth */; };
		D307A40C29D7B310003AF978 /* FirebaseDatabase in Frameworks */ = {isa = PBXBuildFile; productRef = D307A40B29D7B310003AF978 /* FirebaseDatabase */; };
		D307A40E29D7B310003AF978 /* FirebaseFirestore in Frameworks */ = {isa = PBXBuildFile; productRef = D307A40D29D7B310003AF978 /* FirebaseFirestore */; };
		D307A41029D7B310003AF978 /* FirebaseFunctionsCombine-Community in Frameworks */ = {isa = PBXBuildFile; productRef = D307A40F29D7B310003AF978 /* FirebaseFunctionsCombine-Community */; };
		D307A41329D7EF9F003AF978 /* SDWebImageSwiftUI in Frameworks */ = {isa = PBXBuildFile; productRef = D307A41229D7EF9F003AF978 /* SDWebImageSwiftUI */; };
		D307A41629D802BF003AF978 /* Other.swift in Sources */ = {isa = PBXBuildFile; fileRef = D307A41529D802BF003AF978 /* Other.swift */; };
		D307A41A29D803A6003AF978 /* SideMenu.swift in Sources */ = {isa = PBXBuildFile; fileRef = D307A41929D803A6003AF978 /* SideMenu.swift */; };
		D307A41C29D803EA003AF978 /* CardView.swift in Sources */ = {isa = PBXBuildFile; fileRef = D307A41B29D803EA003AF978 /* CardView.swift */; };
		D307A41E29D80406003AF978 /* topView.swift in Sources */ = {isa = PBXBuildFile; fileRef = D307A41D29D80406003AF978 /* topView.swift */; };
		D330E70529D72ECF008B828B /* TestApp.swift in Sources */ = {isa = PBXBuildFile; fileRef = D330E70429D72ECF008B828B /* TestApp.swift */; };
		D330E70729D72ECF008B828B /* ContentView.swift in Sources */ = {isa = PBXBuildFile; fileRef = D330E70629D72ECF008B828B /* ContentView.swift */; };
		D330E70929D72ED0008B828B /* Assets.xcassets in Resources */ = {isa = PBXBuildFile; fileRef = D330E70829D72ED0008B828B /* Assets.xcassets */; };
		D330E70D29D72ED0008B828B /* Preview Assets.xcassets in Resources */ = {isa = PBXBuildFile; fileRef = D330E70C29D72ED0008B828B /* Preview Assets.xcassets */; };
		D330E73429D733B2008B828B /* Images.swift in Sources */ = {isa = PBXBuildFile; fileRef = D330E73329D733B2008B828B /* Images.swift */; };
		D330E73629D733B9008B828B /* Colors.swift in Sources */ = {isa = PBXBuildFile; fileRef = D330E73529D733B9008B828B /* Colors.swift */; };
		D330E73829D74A26008B828B /* DestinationView.swift in Sources */ = {isa = PBXBuildFile; fileRef = D330E73729D74A26008B828B /* DestinationView.swift */; };
		D330E74029D79891008B828B /* ViewModels.swift in Sources */ = {isa = PBXBuildFile; fileRef = D330E73F29D79891008B828B /* ViewModels.swift */; };
		D330E74229D798AE008B828B /* Models.swift in Sources */ = {isa = PBXBuildFile; fileRef = D330E74129D798AE008B828B /* Models.swift */; };
		D330E74429D79A16008B828B /* AppDelegate.swift in Sources */ = {isa = PBXBuildFile; fileRef = D330E74329D79A16008B828B /* AppDelegate.swift */; };
		D330E74629D79B3C008B828B /* GoogleService-Info.plist in Resources */ = {isa = PBXBuildFile; fileRef = D330E74529D79B3C008B828B /* GoogleService-Info.plist */; };
/* End PBXBuildFile section */

/* Begin PBXFileReference section */
		D307A41529D802BF003AF978 /* Other.swift */ = {isa = PBXFileReference; lastKnownFileType = sourcecode.swift; path = Other.swift; sourceTree = "<group>"; };
		D307A41929D803A6003AF978 /* SideMenu.swift */ = {isa = PBXFileReference; lastKnownFileType = sourcecode.swift; path = SideMenu.swift; sourceTree = "<group>"; };
		D307A41B29D803EA003AF978 /* CardView.swift */ = {isa = PBXFileReference; lastKnownFileType = sourcecode.swift; path = CardView.swift; sourceTree = "<group>"; };
		D307A41D29D80406003AF978 /* topView.swift */ = {isa = PBXFileReference; lastKnownFileType = sourcecode.swift; path = topView.swift; sourceTree = "<group>"; };
		D330E70129D72ECF008B828B /* TestApp.app */ = {isa = PBXFileReference; explicitFileType = wrapper.application; includeInIndex = 0; path = TestApp.app; sourceTree = BUILT_PRODUCTS_DIR; };
		D330E70429D72ECF008B828B /* TestApp.swift */ = {isa = PBXFileReference; lastKnownFileType = sourcecode.swift; path = TestApp.swift; sourceTree = "<group>"; };
		D330E70629D72ECF008B828B /* ContentView.swift */ = {isa = PBXFileReference; lastKnownFileType = sourcecode.swift; path = ContentView.swift; sourceTree = "<group>"; };
		D330E70829D72ED0008B828B /* Assets.xcassets */ = {isa = PBXFileReference; lastKnownFileType = folder.assetcatalog; path = Assets.xcassets; sourceTree = "<group>"; };
		D330E70A29D72ED0008B828B /* Test.entitlements */ = {isa = PBXFileReference; lastKnownFileType = text.plist.entitlements; path = Test.entitlements; sourceTree = "<group>"; };
		D330E70C29D72ED0008B828B /* Preview Assets.xcassets */ = {isa = PBXFileReference; lastKnownFileType = folder.assetcatalog; path = "Preview Assets.xcassets"; sourceTree = "<group>"; };
		D330E71629D72ED0008B828B /* TestTests.swift */ = {isa = PBXFileReference; lastKnownFileType = sourcecode.swift; path = TestTests.swift; sourceTree = "<group>"; };
		D330E72029D72ED0008B828B /* TestUITests.swift */ = {isa = PBXFileReference; lastKnownFileType = sourcecode.swift; path = TestUITests.swift; sourceTree = "<group>"; };
		D330E72229D72ED0008B828B /* TestUITestsLaunchTests.swift */ = {isa = PBXFileReference; lastKnownFileType = sourcecode.swift; path = TestUITestsLaunchTests.swift; sourceTree = "<group>"; };
		D330E73329D733B2008B828B /* Images.swift */ = {isa = PBXFileReference; lastKnownFileType = sourcecode.swift; path = Images.swift; sourceTree = "<group>"; };
		D330E73529D733B9008B828B /* Colors.swift */ = {isa = PBXFileReference; lastKnownFileType = sourcecode.swift; path = Colors.swift; sourceTree = "<group>"; };
		D330E73729D74A26008B828B /* DestinationView.swift */ = {isa = PBXFileReference; lastKnownFileType = sourcecode.swift; path = DestinationView.swift; sourceTree = "<group>"; };
		D330E73F29D79891008B828B /* ViewModels.swift */ = {isa = PBXFileReference; lastKnownFileType = sourcecode.swift; path = ViewModels.swift; sourceTree = "<group>"; };
		D330E74129D798AE008B828B /* Models.swift */ = {isa = PBXFileReference; lastKnownFileType = sourcecode.swift; path = Models.swift; sourceTree = "<group>"; };
		D330E74329D79A16008B828B /* AppDelegate.swift */ = {isa = PBXFileReference; lastKnownFileType = sourcecode.swift; path = AppDelegate.swift; sourceTree = "<group>"; };
		D330E74529D79B3C008B828B /* GoogleService-Info.plist */ = {isa = PBXFileReference; fileEncoding = 4; lastKnownFileType = text.plist.xml; name = "GoogleService-Info.plist"; path = "../../../Downloads/GoogleService-Info.plist"; sourceTree = "<group>"; };
/* End PBXFileReference section */

/* Begin PBXFrameworksBuildPhase section */
		D330E6FE29D72ECF008B828B /* Frameworks */ = {
			isa = PBXFrameworksBuildPhase;
			buildActionMask = 2147483647;
			files = (
				D307A41329D7EF9F003AF978 /* SDWebImageSwiftUI in Frameworks */,
				D307A40C29D7B310003AF978 /* FirebaseDatabase in Frameworks */,
				D307A40A29D7B310003AF978 /* FirebaseAuth in Frameworks */,
				D307A40E29D7B310003AF978 /* FirebaseFirestore in Frameworks */,
				D307A41029D7B310003AF978 /* FirebaseFunctionsCombine-Community in Frameworks */,
			);
			runOnlyForDeploymentPostprocessing = 0;
		};
/* End PBXFrameworksBuildPhase section */

/* Begin PBXGroup section */
		D307A41429D802B3003AF978 /* Other */ = {
			isa = PBXGroup;
			children = (
				D307A41529D802BF003AF978 /* Other.swift */,
			);
			path = Other;
			sourceTree = "<group>";
		};
		D307A41F29D80457003AF978 /* HomeView */ = {
			isa = PBXGroup;
			children = (
				D307A41D29D80406003AF978 /* topView.swift */,
				D307A41929D803A6003AF978 /* SideMenu.swift */,
				D307A41B29D803EA003AF978 /* CardView.swift */,
				D330E70629D72ECF008B828B /* ContentView.swift */,
			);
			path = HomeView;
			sourceTree = "<group>";
		};
		D307A42029D80463003AF978 /* DestinationView */ = {
			isa = PBXGroup;
			children = (
				D330E73729D74A26008B828B /* DestinationView.swift */,
			);
			path = DestinationView;
			sourceTree = "<group>";
		};
		D330E6F829D72ECF008B828B = {
			isa = PBXGroup;
			children = (
				D330E70329D72ECF008B828B /* Test */,
				D330E71529D72ED0008B828B /* TestTests */,
				D330E71F29D72ED0008B828B /* TestUITests */,
				D330E70229D72ECF008B828B /* Products */,
			);
			sourceTree = "<group>";
		};
		D330E70229D72ECF008B828B /* Products */ = {
			isa = PBXGroup;
			children = (
				D330E70129D72ECF008B828B /* TestApp.app */,
			);
			name = Products;
			sourceTree = "<group>";
		};
		D330E70329D72ECF008B828B /* Test */ = {
			isa = PBXGroup;
			children = (
				D330E73E29D79858008B828B /* Assets */,
				D330E73C29D79842008B828B /* Models */,
				D330E73B29D79835008B828B /* ViewModels */,
				D330E73929D79806008B828B /* Views */,
				D330E72F29D73374008B828B /* Extension */,
				D330E74529D79B3C008B828B /* GoogleService-Info.plist */,
				D330E70429D72ECF008B828B /* TestApp.swift */,
				D330E70A29D72ED0008B828B /* Test.entitlements */,
				D330E70B29D72ED0008B828B /* Preview Content */,
				D330E74329D79A16008B828B /* AppDelegate.swift */,
			);
			path = Test;
			sourceTree = "<group>";
		};
		D330E70B29D72ED0008B828B /* Preview Content */ = {
			isa = PBXGroup;
			children = (
				D330E70C29D72ED0008B828B /* Preview Assets.xcassets */,
			);
			path = "Preview Content";
			sourceTree = "<group>";
		};
		D330E71529D72ED0008B828B /* TestTests */ = {
			isa = PBXGroup;
			children = (
				D330E71629D72ED0008B828B /* TestTests.swift */,
			);
			path = TestTests;
			sourceTree = "<group>";
		};
		D330E71F29D72ED0008B828B /* TestUITests */ = {
			isa = PBXGroup;
			children = (
				D330E72029D72ED0008B828B /* TestUITests.swift */,
				D330E72229D72ED0008B828B /* TestUITestsLaunchTests.swift */,
			);
			path = TestUITests;
			sourceTree = "<group>";
		};
		D330E72F29D73374008B828B /* Extension */ = {
			isa = PBXGroup;
			children = (
				D307A41429D802B3003AF978 /* Other */,
				D330E73229D733A3008B828B /* Images */,
				D330E73029D73386008B828B /* Colors */,
			);
			path = Extension;
			sourceTree = "<group>";
		};
		D330E73029D73386008B828B /* Colors */ = {
			isa = PBXGroup;
			children = (
				D330E73529D733B9008B828B /* Colors.swift */,
			);
			path = Colors;
			sourceTree = "<group>";
		};
		D330E73229D733A3008B828B /* Images */ = {
			isa = PBXGroup;
			children = (
				D330E73329D733B2008B828B /* Images.swift */,
			);
			path = Images;
			sourceTree = "<group>";
		};
		D330E73929D79806008B828B /* Views */ = {
			isa = PBXGroup;
			children = (
				D307A42029D80463003AF978 /* DestinationView */,
				D307A41F29D80457003AF978 /* HomeView */,
			);
			path = Views;
			sourceTree = "<group>";
		};
		D330E73B29D79835008B828B /* ViewModels */ = {
			isa = PBXGroup;
			children = (
				D330E73F29D79891008B828B /* ViewModels.swift */,
			);
			path = ViewModels;
			sourceTree = "<group>";
		};
		D330E73C29D79842008B828B /* Models */ = {
			isa = PBXGroup;
			children = (
				D330E74129D798AE008B828B /* Models.swift */,
			);
			path = Models;
			sourceTree = "<group>";
		};
		D330E73E29D79858008B828B /* Assets */ = {
			isa = PBXGroup;
			children = (
				D330E70829D72ED0008B828B /* Assets.xcassets */,
			);
			path = Assets;
			sourceTree = "<group>";
		};
/* End PBXGroup section */

/* Begin PBXNativeTarget section */
		D330E70029D72ECF008B828B /* TestApp */ = {
			isa = PBXNativeTarget;
			buildConfigurationList = D330E72629D72ED0008B828B /* Build configuration list for PBXNativeTarget "TestApp" */;
			buildPhases = (
				D330E6FD29D72ECF008B828B /* Sources */,
				D330E6FE29D72ECF008B828B /* Frameworks */,
				D330E6FF29D72ECF008B828B /* Resources */,
			);
			buildRules = (
			);
			dependencies = (
			);
			name = TestApp;
			packageProductDependencies = (
				D307A40929D7B310003AF978 /* FirebaseAuth */,
				D307A40B29D7B310003AF978 /* FirebaseDatabase */,
				D307A40D29D7B310003AF978 /* FirebaseFirestore */,
				D307A40F29D7B310003AF978 /* FirebaseFunctionsCombine-Community */,
				D307A41229D7EF9F003AF978 /* SDWebImageSwiftUI */,
			);
			productName = Test;
			productReference = D330E70129D72ECF008B828B /* TestApp.app */;
			productType = "com.apple.product-type.application";
		};
/* End PBXNativeTarget section */

/* Begin PBXProject section */
		D330E6F929D72ECF008B828B /* Project object */ = {
			isa = PBXProject;
			attributes = {
				BuildIndependentTargetsInParallel = 1;
				LastSwiftUpdateCheck = 1420;
				LastUpgradeCheck = 1420;
				TargetAttributes = {
					D330E70029D72ECF008B828B = {
						CreatedOnToolsVersion = 14.2;
					};
				};
			};
			buildConfigurationList = D330E6FC29D72ECF008B828B /* Build configuration list for PBXProject "TestApp" */;
			compatibilityVersion = "Xcode 14.0";
			developmentRegion = en;
			hasScannedForEncodings = 0;
			knownRegions = (
				en,
				Base,
			);
			mainGroup = D330E6F829D72ECF008B828B;
			packageReferences = (
				D307A40829D7B310003AF978 /* XCRemoteSwiftPackageReference "firebase-ios-sdk" */,
				D307A41129D7EF9F003AF978 /* XCRemoteSwiftPackageReference "SDWebImageSwiftUI" */,
			);
			productRefGroup = D330E70229D72ECF008B828B /* Products */;
			projectDirPath = "";
			projectRoot = "";
			targets = (
				D330E70029D72ECF008B828B /* TestApp */,
			);
		};
/* End PBXProject section */

/* Begin PBXResourcesBuildPhase section */
		D330E6FF29D72ECF008B828B /* Resources */ = {
			isa = PBXResourcesBuildPhase;
			buildActionMask = 2147483647;
			files = (
				D330E70D29D72ED0008B828B /* Preview Assets.xcassets in Resources */,
				D330E70929D72ED0008B828B /* Assets.xcassets in Resources */,
				D330E74629D79B3C008B828B /* GoogleService-Info.plist in Resources */,
			);
			runOnlyForDeploymentPostprocessing = 0;
		};
/* End PBXResourcesBuildPhase section */

/* Begin PBXSourcesBuildPhase section */
		D330E6FD29D72ECF008B828B /* Sources */ = {
			isa = PBXSourcesBuildPhase;
			buildActionMask = 2147483647;
			files = (
				D307A41A29D803A6003AF978 /* SideMenu.swift in Sources */,
				D330E74429D79A16008B828B /* AppDelegate.swift in Sources */,
				D307A41E29D80406003AF978 /* topView.swift in Sources */,
				D330E74029D79891008B828B /* ViewModels.swift in Sources */,
				D330E70729D72ECF008B828B /* ContentView.swift in Sources */,
				D330E73629D733B9008B828B /* Colors.swift in Sources */,
				D330E73829D74A26008B828B /* DestinationView.swift in Sources */,
				D330E73429D733B2008B828B /* Images.swift in Sources */,
				D307A41629D802BF003AF978 /* Other.swift in Sources */,
				D330E70529D72ECF008B828B /* TestApp.swift in Sources */,
				D307A41C29D803EA003AF978 /* CardView.swift in Sources */,
				D330E74229D798AE008B828B /* Models.swift in Sources */,
			);
			runOnlyForDeploymentPostprocessing = 0;
		};
/* End PBXSourcesBuildPhase section */

/* Begin XCBuildConfiguration section */
		D330E72429D72ED0008B828B /* Debug */ = {
			isa = XCBuildConfiguration;
			buildSettings = {
				ALWAYS_SEARCH_USER_PATHS = NO;
				CLANG_ANALYZER_NONNULL = YES;
				CLANG_ANALYZER_NUMBER_OBJECT_CONVERSION = YES_AGGRESSIVE;
				CLANG_CXX_LANGUAGE_STANDARD = "gnu++20";
				CLANG_ENABLE_MODULES = YES;
				CLANG_ENABLE_OBJC_ARC = YES;
				CLANG_ENABLE_OBJC_WEAK = YES;
				CLANG_WARN_BLOCK_CAPTURE_AUTORELEASING = YES;
				CLANG_WARN_BOOL_CONVERSION = YES;
				CLANG_WARN_COMMA = YES;
				CLANG_WARN_CONSTANT_CONVERSION = YES;
				CLANG_WARN_DEPRECATED_OBJC_IMPLEMENTATIONS = YES;
				CLANG_WARN_DIRECT_OBJC_ISA_USAGE = YES_ERROR;
				CLANG_WARN_DOCUMENTATION_COMMENTS = YES;
				CLANG_WARN_EMPTY_BODY = YES;
				CLANG_WARN_ENUM_CONVERSION = YES;
				CLANG_WARN_INFINITE_RECURSION = YES;
				CLANG_WARN_INT_CONVERSION = YES;
				CLANG_WARN_NON_LITERAL_NULL_CONVERSION = YES;
				CLANG_WARN_OBJC_IMPLICIT_RETAIN_SELF = YES;
				CLANG_WARN_OBJC_LITERAL_CONVERSION = YES;
				CLANG_WARN_OBJC_ROOT_CLASS = YES_ERROR;
				CLANG_WARN_QUOTED_INCLUDE_IN_FRAMEWORK_HEADER = YES;
				CLANG_WARN_RANGE_LOOP_ANALYSIS = YES;
				CLANG_WARN_STRICT_PROTOTYPES = YES;
				CLANG_WARN_SUSPICIOUS_MOVE = YES;
				CLANG_WARN_UNGUARDED_AVAILABILITY = YES_AGGRESSIVE;
				CLANG_WARN_UNREACHABLE_CODE = YES;
				CLANG_WARN__DUPLICATE_METHOD_MATCH = YES;
				COPY_PHASE_STRIP = NO;
				DEBUG_INFORMATION_FORMAT = dwarf;
				ENABLE_STRICT_OBJC_MSGSEND = YES;
				ENABLE_TESTABILITY = YES;
				GCC_C_LANGUAGE_STANDARD = gnu11;
				GCC_DYNAMIC_NO_PIC = NO;
				GCC_NO_COMMON_BLOCKS = YES;
				GCC_OPTIMIZATION_LEVEL = 0;
				GCC_PREPROCESSOR_DEFINITIONS = (
					"DEBUG=1",
					"$(inherited)",
				);
				GCC_WARN_64_TO_32_BIT_CONVERSION = YES;
				GCC_WARN_ABOUT_RETURN_TYPE = YES_ERROR;
				GCC_WARN_UNDECLARED_SELECTOR = YES;
				GCC_WARN_UNINITIALIZED_AUTOS = YES_AGGRESSIVE;
				GCC_WARN_UNUSED_FUNCTION = YES;
				GCC_WARN_UNUSED_VARIABLE = YES;
				MTL_ENABLE_DEBUG_INFO = INCLUDE_SOURCE;
				MTL_FAST_MATH = YES;
				ONLY_ACTIVE_ARCH = YES;
				SWIFT_ACTIVE_COMPILATION_CONDITIONS = DEBUG;
				SWIFT_OPTIMIZATION_LEVEL = "-Onone";
			};
			name = Debug;
		};
		D330E72529D72ED0008B828B /* Release */ = {
			isa = XCBuildConfiguration;
			buildSettings = {
				ALWAYS_SEARCH_USER_PATHS = NO;
				CLANG_ANALYZER_NONNULL = YES;
				CLANG_ANALYZER_NUMBER_OBJECT_CONVERSION = YES_AGGRESSIVE;
				CLANG_CXX_LANGUAGE_STANDARD = "gnu++20";
				CLANG_ENABLE_MODULES = YES;
				CLANG_ENABLE_OBJC_ARC = YES;
				CLANG_ENABLE_OBJC_WEAK = YES;
				CLANG_WARN_BLOCK_CAPTURE_AUTORELEASING = YES;
				CLANG_WARN_BOOL_CONVERSION = YES;
				CLANG_WARN_COMMA = YES;
				CLANG_WARN_CONSTANT_CONVERSION = YES;
				CLANG_WARN_DEPRECATED_OBJC_IMPLEMENTATIONS = YES;
				CLANG_WARN_DIRECT_OBJC_ISA_USAGE = YES_ERROR;
				CLANG_WARN_DOCUMENTATION_COMMENTS = YES;
				CLANG_WARN_EMPTY_BODY = YES;
				CLANG_WARN_ENUM_CONVERSION = YES;
				CLANG_WARN_INFINITE_RECURSION = YES;
				CLANG_WARN_INT_CONVERSION = YES;
				CLANG_WARN_NON_LITERAL_NULL_CONVERSION = YES;
				CLANG_WARN_OBJC_IMPLICIT_RETAIN_SELF = YES;
				CLANG_WARN_OBJC_LITERAL_CONVERSION = YES;
				CLANG_WARN_OBJC_ROOT_CLASS = YES_ERROR;
				CLANG_WARN_QUOTED_INCLUDE_IN_FRAMEWORK_HEADER = YES;
				CLANG_WARN_RANGE_LOOP_ANALYSIS = YES;
				CLANG_WARN_STRICT_PROTOTYPES = YES;
				CLANG_WARN_SUSPICIOUS_MOVE = YES;
				CLANG_WARN_UNGUARDED_AVAILABILITY = YES_AGGRESSIVE;
				CLANG_WARN_UNREACHABLE_CODE = YES;
				CLANG_WARN__DUPLICATE_METHOD_MATCH = YES;
				COPY_PHASE_STRIP = NO;
				DEBUG_INFORMATION_FORMAT = "dwarf-with-dsym";
				ENABLE_NS_ASSERTIONS = NO;
				ENABLE_STRICT_OBJC_MSGSEND = YES;
				GCC_C_LANGUAGE_STANDARD = gnu11;
				GCC_NO_COMMON_BLOCKS = YES;
				GCC_WARN_64_TO_32_BIT_CONVERSION = YES;
				GCC_WARN_ABOUT_RETURN_TYPE = YES_ERROR;
				GCC_WARN_UNDECLARED_SELECTOR = YES;
				GCC_WARN_UNINITIALIZED_AUTOS = YES_AGGRESSIVE;
				GCC_WARN_UNUSED_FUNCTION = YES;
				GCC_WARN_UNUSED_VARIABLE = YES;
				MTL_ENABLE_DEBUG_INFO = NO;
				MTL_FAST_MATH = YES;
				SWIFT_COMPILATION_MODE = wholemodule;
				SWIFT_OPTIMIZATION_LEVEL = "-O";
			};
			name = Release;
		};
		D330E72729D72ED0008B828B /* Debug */ = {
			isa = XCBuildConfiguration;
			buildSettings = {
				ASSETCATALOG_COMPILER_APPICON_NAME = AppIcon;
				ASSETCATALOG_COMPILER_GLOBAL_ACCENT_COLOR_NAME = AccentColor;
				CODE_SIGN_ENTITLEMENTS = Test/Test.entitlements;
				CODE_SIGN_STYLE = Automatic;
				CURRENT_PROJECT_VERSION = 1;
				DEVELOPMENT_ASSET_PATHS = "\"Test/Preview Content\"";
				ENABLE_PREVIEWS = YES;
				GENERATE_INFOPLIST_FILE = YES;
				"INFOPLIST_KEY_UIApplicationSceneManifest_Generation[sdk=iphoneos*]" = YES;
				"INFOPLIST_KEY_UIApplicationSceneManifest_Generation[sdk=iphonesimulator*]" = YES;
				"INFOPLIST_KEY_UIApplicationSupportsIndirectInputEvents[sdk=iphoneos*]" = YES;
				"INFOPLIST_KEY_UIApplicationSupportsIndirectInputEvents[sdk=iphonesimulator*]" = YES;
				"INFOPLIST_KEY_UILaunchScreen_Generation[sdk=iphoneos*]" = YES;
				"INFOPLIST_KEY_UILaunchScreen_Generation[sdk=iphonesimulator*]" = YES;
				"INFOPLIST_KEY_UIStatusBarStyle[sdk=iphoneos*]" = UIStatusBarStyleDefault;
				"INFOPLIST_KEY_UIStatusBarStyle[sdk=iphonesimulator*]" = UIStatusBarStyleDefault;
				INFOPLIST_KEY_UISupportedInterfaceOrientations_iPad = "UIInterfaceOrientationPortrait UIInterfaceOrientationPortraitUpsideDown UIInterfaceOrientationLandscapeLeft UIInterfaceOrientationLandscapeRight";
				INFOPLIST_KEY_UISupportedInterfaceOrientations_iPhone = "UIInterfaceOrientationPortrait UIInterfaceOrientationLandscapeLeft UIInterfaceOrientationLandscapeRight";
				IPHONEOS_DEPLOYMENT_TARGET = 16.2;
				LD_RUNPATH_SEARCH_PATHS = "@executable_path/Frameworks";
				"LD_RUNPATH_SEARCH_PATHS[sdk=macosx*]" = "@executable_path/../Frameworks";
				MACOSX_DEPLOYMENT_TARGET = 13.0;
				MARKETING_VERSION = 1.0;
				PRODUCT_BUNDLE_IDENTIFIER = com.my.Test;
				PRODUCT_NAME = "$(TARGET_NAME)";
				SDKROOT = auto;
				SUPPORTED_PLATFORMS = "iphoneos iphonesimulator macosx";
				SWIFT_EMIT_LOC_STRINGS = YES;
				SWIFT_VERSION = 5.0;
				TARGETED_DEVICE_FAMILY = "1,2";
			};
			name = Debug;
		};
		D330E72829D72ED0008B828B /* Release */ = {
			isa = XCBuildConfiguration;
			buildSettings = {
				ASSETCATALOG_COMPILER_APPICON_NAME = AppIcon;
				ASSETCATALOG_COMPILER_GLOBAL_ACCENT_COLOR_NAME = AccentColor;
				CODE_SIGN_ENTITLEMENTS = Test/Test.entitlements;
				CODE_SIGN_STYLE = Automatic;
				CURRENT_PROJECT_VERSION = 1;
				DEVELOPMENT_ASSET_PATHS = "\"Test/Preview Content\"";
				ENABLE_PREVIEWS = YES;
				GENERATE_INFOPLIST_FILE = YES;
				"INFOPLIST_KEY_UIApplicationSceneManifest_Generation[sdk=iphoneos*]" = YES;
				"INFOPLIST_KEY_UIApplicationSceneManifest_Generation[sdk=iphonesimulator*]" = YES;
				"INFOPLIST_KEY_UIApplicationSupportsIndirectInputEvents[sdk=iphoneos*]" = YES;
				"INFOPLIST_KEY_UIApplicationSupportsIndirectInputEvents[sdk=iphonesimulator*]" = YES;
				"INFOPLIST_KEY_UILaunchScreen_Generation[sdk=iphoneos*]" = YES;
				"INFOPLIST_KEY_UILaunchScreen_Generation[sdk=iphonesimulator*]" = YES;
				"INFOPLIST_KEY_UIStatusBarStyle[sdk=iphoneos*]" = UIStatusBarStyleDefault;
				"INFOPLIST_KEY_UIStatusBarStyle[sdk=iphonesimulator*]" = UIStatusBarStyleDefault;
				INFOPLIST_KEY_UISupportedInterfaceOrientations_iPad = "UIInterfaceOrientationPortrait UIInterfaceOrientationPortraitUpsideDown UIInterfaceOrientationLandscapeLeft UIInterfaceOrientationLandscapeRight";
				INFOPLIST_KEY_UISupportedInterfaceOrientations_iPhone = "UIInterfaceOrientationPortrait UIInterfaceOrientationLandscapeLeft UIInterfaceOrientationLandscapeRight";
				IPHONEOS_DEPLOYMENT_TARGET = 16.2;
				LD_RUNPATH_SEARCH_PATHS = "@executable_path/Frameworks";
				"LD_RUNPATH_SEARCH_PATHS[sdk=macosx*]" = "@executable_path/../Frameworks";
				MACOSX_DEPLOYMENT_TARGET = 13.0;
				MARKETING_VERSION = 1.0;
				PRODUCT_BUNDLE_IDENTIFIER = com.my.Test;
				PRODUCT_NAME = "$(TARGET_NAME)";
				SDKROOT = auto;
				SUPPORTED_PLATFORMS = "iphoneos iphonesimulator macosx";
				SWIFT_EMIT_LOC_STRINGS = YES;
				SWIFT_VERSION = 5.0;
				TARGETED_DEVICE_FAMILY = "1,2";
			};
			name = Release;
		};
/* End XCBuildConfiguration section */

/* Begin XCConfigurationList section */
		D330E6FC29D72ECF008B828B /* Build configuration list for PBXProject "TestApp" */ = {
			isa = XCConfigurationList;
			buildConfigurations = (
				D330E72429D72ED0008B828B /* Debug */,
				D330E72529D72ED0008B828B /* Release */,
			);
			defaultConfigurationIsVisible = 0;
			defaultConfigurationName = Release;
		};
		D330E72629D72ED0008B828B /* Build configuration list for PBXNativeTarget "TestApp" */ = {
			isa = XCConfigurationList;
			buildConfigurations = (
				D330E72729D72ED0008B828B /* Debug */,
				D330E72829D72ED0008B828B /* Release */,
			);
			defaultConfigurationIsVisible = 0;
			defaultConfigurationName = Release;
		};
/* End XCConfigurationList section */

/* Begin XCRemoteSwiftPackageReference section */
		D307A40829D7B310003AF978 /* XCRemoteSwiftPackageReference "firebase-ios-sdk" */ = {
			isa = XCRemoteSwiftPackageReference;
			repositoryURL = "https://github.com/firebase/firebase-ios-sdk";
			requirement = {
				branch = master;
				kind = branch;
			};
		};
		D307A41129D7EF9F003AF978 /* XCRemoteSwiftPackageReference "SDWebImageSwiftUI" */ = {
			isa = XCRemoteSwiftPackageReference;
			repositoryURL = "https://github.com/SDWebImage/SDWebImageSwiftUI.git";
			requirement = {
				branch = master;
				kind = branch;
			};
		};
/* End XCRemoteSwiftPackageReference section */

/* Begin XCSwiftPackageProductDependency section */
		D307A40929D7B310003AF978 /* FirebaseAuth */ = {
			isa = XCSwiftPackageProductDependency;
			package = D307A40829D7B310003AF978 /* XCRemoteSwiftPackageReference "firebase-ios-sdk" */;
			productName = FirebaseAuth;
		};
		D307A40B29D7B310003AF978 /* FirebaseDatabase */ = {
			isa = XCSwiftPackageProductDependency;
			package = D307A40829D7B310003AF978 /* XCRemoteSwiftPackageReference "firebase-ios-sdk" */;
			productName = FirebaseDatabase;
		};
		D307A40D29D7B310003AF978 /* FirebaseFirestore */ = {
			isa = XCSwiftPackageProductDependency;
			package = D307A40829D7B310003AF978 /* XCRemoteSwiftPackageReference "firebase-ios-sdk" */;
			productName = FirebaseFirestore;
		};
		D307A40F29D7B310003AF978 /* FirebaseFunctionsCombine-Community */ = {
			isa = XCSwiftPackageProductDependency;
			package = D307A40829D7B310003AF978 /* XCRemoteSwiftPackageReference "firebase-ios-sdk" */;
			productName = "FirebaseFunctionsCombine-Community";
		};
		D307A41229D7EF9F003AF978 /* SDWebImageSwiftUI */ = {
			isa = XCSwiftPackageProductDependency;
			package = D307A41129D7EF9F003AF978 /* XCRemoteSwiftPackageReference "SDWebImageSwiftUI" */;
			productName = SDWebImageSwiftUI;
		};
/* End XCSwiftPackageProductDependency section */
	};
	rootObject = D330E6F929D72ECF008B828B /* Project object */;
}
